
Microsoft Visual Studio Solution File, Format Version 12.00
# Visual Studio 15
VisualStudioVersion = 15.0.26430.13
MinimumVisualStudioVersion = 10.0.40219.1
Project("{FAE04EC0-301F-11D3-BF4B-00C04F79EFBC}") = "TableExplorer", "TableExplorer\TableExplorer.csproj", "{F00FEAEF-9526-4F7C-9A85-25506069FEB7}"
EndProject
Global
	GlobalSection(SolutionConfigurationPlatforms) = preSolution
		Debug|Any CPU = Debug|Any CPU
		Release|Any CPU = Release|Any CPU
	EndGlobalSection
	GlobalSection(ProjectConfigurationPlatforms) = postSolution
		{F00FEAEF-9526-4F7C-9A85-25506069FEB7}.Debug|Any CPU.ActiveCfg = Debug|Any CPU
		{F00FEAEF-9526-4F7C-9A85-25506069FEB7}.Debug|Any CPU.Build.0 = Debug|Any CPU
		{F00FEAEF-9526-4F7C-9A85-25506069FEB7}.Release|Any CPU.ActiveCfg = Release|Any CPU
		{F00FEAEF-9526-4F7C-9A85-25506069FEB7}.Release|Any CPU.Build.0 = Release|Any CPU
	EndGlobalSection
	GlobalSection(SolutionProperties) = preSolution
		HideSolutionNode = FALSE
	EndGlobalSection
EndGlobal
