
Microsoft Visual Studio Solution File, Format Version 12.00
# Visual Studio 15
VisualStudioVersion = 15.0.27428.2002
MinimumVisualStudioVersion = 10.0.40219.1
Project("{FAE04EC0-301F-11D3-BF4B-00C04F79EFBC}") = "TableStorage", "TableStorage\TableStorage.csproj", "{F394981E-B4D1-4CBF-B19C-7D5B2695FFA3}"
EndProject
Global
	GlobalSection(SolutionConfigurationPlatforms) = preSolution
		Debug|Any CPU = Debug|Any CPU
		Release|Any CPU = Release|Any CPU
	EndGlobalSection
	GlobalSection(ProjectConfigurationPlatforms) = postSolution
		{F394981E-B4D1-4CBF-B19C-7D5B2695FFA3}.Debug|Any CPU.ActiveCfg = Debug|Any CPU
		{F394981E-B4D1-4CBF-B19C-7D5B2695FFA3}.Debug|Any CPU.Build.0 = Debug|Any CPU
		{F394981E-B4D1-4CBF-B19C-7D5B2695FFA3}.Release|Any CPU.ActiveCfg = Release|Any CPU
		{F394981E-B4D1-4CBF-B19C-7D5B2695FFA3}.Release|Any CPU.Build.0 = Release|Any CPU
	EndGlobalSection
	GlobalSection(SolutionProperties) = preSolution
		HideSolutionNode = FALSE
	EndGlobalSection
	GlobalSection(ExtensibilityGlobals) = postSolution
		SolutionGuid = {138E2E8A-18FF-4BD1-81ED-67156A9DA7C2}
	EndGlobalSection
EndGlobal
